// !$*UTF8*$!
{
	archiveVersion = 1;
	classes = {
	};
	objectVersion = 55;
	objects = {

/* Begin PBXBuildFile section */
		F94B4726282ACBEE00AE4967 /* AppDelegate.swift in Sources */ = {isa = PBXBuildFile; fileRef = F94B4725282ACBEE00AE4967 /* AppDelegate.swift */; };
		F94B4728282ACBEE00AE4967 /* SceneDelegate.swift in Sources */ = {isa = PBXBuildFile; fileRef = F94B4727282ACBEE00AE4967 /* SceneDelegate.swift */; };
		F94B472F282ACBF000AE4967 /* Assets.xcassets in Resources */ = {isa = PBXBuildFile; fileRef = F94B472E282ACBF000AE4967 /* Assets.xcassets */; };
		F94B4732282ACBF000AE4967 /* LaunchScreen.storyboard in Resources */ = {isa = PBXBuildFile; fileRef = F94B4730282ACBF000AE4967 /* LaunchScreen.storyboard */; };
		F94B4743282AD23300AE4967 /* Coordinator.swift in Sources */ = {isa = PBXBuildFile; fileRef = F94B4742282AD23300AE4967 /* Coordinator.swift */; };
		F94B4745282AD29700AE4967 /* Storyboarded.swift in Sources */ = {isa = PBXBuildFile; fileRef = F94B4744282AD29700AE4967 /* Storyboarded.swift */; };
		F94B4747282AD2C400AE4967 /* TabBarCoordinator.swift in Sources */ = {isa = PBXBuildFile; fileRef = F94B4746282AD2C400AE4967 /* TabBarCoordinator.swift */; };
		F94B4749282AD2FD00AE4967 /* FavouritesCoordinator.swift in Sources */ = {isa = PBXBuildFile; fileRef = F94B4748282AD2FC00AE4967 /* FavouritesCoordinator.swift */; };
		F94B474B282AD32000AE4967 /* FeedCoordinator.swift in Sources */ = {isa = PBXBuildFile; fileRef = F94B474A282AD32000AE4967 /* FeedCoordinator.swift */; };
		F94B4750282AD4DA00AE4967 /* TabBarViewController.swift in Sources */ = {isa = PBXBuildFile; fileRef = F94B474F282AD4DA00AE4967 /* TabBarViewController.swift */; };
		F94B4752282AD4F300AE4967 /* FeedViewController.swift in Sources */ = {isa = PBXBuildFile; fileRef = F94B4751282AD4F300AE4967 /* FeedViewController.swift */; };
		F94B4754282AD51900AE4967 /* FavouritesViewController.swift in Sources */ = {isa = PBXBuildFile; fileRef = F94B4753282AD51900AE4967 /* FavouritesViewController.swift */; };
		F94B4756282AD92700AE4967 /* FeedViewController.storyboard in Resources */ = {isa = PBXBuildFile; fileRef = F94B4755282AD92700AE4967 /* FeedViewController.storyboard */; };
		F94B4758282AD94E00AE4967 /* FavouritesViewController.storyboard in Resources */ = {isa = PBXBuildFile; fileRef = F94B4757282AD94E00AE4967 /* FavouritesViewController.storyboard */; };
		F94B475A282ADC6900AE4967 /* Constants.swift in Sources */ = {isa = PBXBuildFile; fileRef = F94B4759282ADC6900AE4967 /* Constants.swift */; };
		F94B475C282AE3F300AE4967 /* Endpoint.swift in Sources */ = {isa = PBXBuildFile; fileRef = F94B475B282AE3F300AE4967 /* Endpoint.swift */; };
		F94B475E282AF01500AE4967 /* Stringable.swift in Sources */ = {isa = PBXBuildFile; fileRef = F94B475D282AF01500AE4967 /* Stringable.swift */; };
		F94B4760282C1B8900AE4967 /* DataLoader.swift in Sources */ = {isa = PBXBuildFile; fileRef = F94B475F282C1B8900AE4967 /* DataLoader.swift */; };
		F94B4763282C1E0600AE4967 /* Source.swift in Sources */ = {isa = PBXBuildFile; fileRef = F94B4762282C1E0600AE4967 /* Source.swift */; };
		F94B4765282C1E2E00AE4967 /* Article.swift in Sources */ = {isa = PBXBuildFile; fileRef = F94B4764282C1E2E00AE4967 /* Article.swift */; };
		F94B4771282C2FA000AE4967 /* FeedViewModel.swift in Sources */ = {isa = PBXBuildFile; fileRef = F94B4770282C2FA000AE4967 /* FeedViewModel.swift */; };
		F94B4773282C321D00AE4967 /* NewsAPIManager.swift in Sources */ = {isa = PBXBuildFile; fileRef = F94B4772282C321D00AE4967 /* NewsAPIManager.swift */; };
		F94B4778282C376500AE4967 /* ArticleCell.swift in Sources */ = {isa = PBXBuildFile; fileRef = F94B4776282C376500AE4967 /* ArticleCell.swift */; };
		F94B4779282C376500AE4967 /* ArticleCell.xib in Resources */ = {isa = PBXBuildFile; fileRef = F94B4777282C376500AE4967 /* ArticleCell.xib */; };
		F94B477B282CFA5900AE4967 /* ArticleViewController.swift in Sources */ = {isa = PBXBuildFile; fileRef = F94B477A282CFA5900AE4967 /* ArticleViewController.swift */; };
		F94B477D282CFA7B00AE4967 /* ArticleViewController.storyboard in Resources */ = {isa = PBXBuildFile; fileRef = F94B477C282CFA7B00AE4967 /* ArticleViewController.storyboard */; };
		F94B4781282D0B7B00AE4967 /* LoadingCell.swift in Sources */ = {isa = PBXBuildFile; fileRef = F94B477F282D0B7B00AE4967 /* LoadingCell.swift */; };
		F94B4782282D0B7B00AE4967 /* LoadingCell.xib in Resources */ = {isa = PBXBuildFile; fileRef = F94B4780282D0B7B00AE4967 /* LoadingCell.xib */; };
		F94B4787282D7B3600AE4967 /* ImageLoader.swift in Sources */ = {isa = PBXBuildFile; fileRef = F94B4786282D7B3600AE4967 /* ImageLoader.swift */; };
		F94B478B282D87C500AE4967 /* FiltersViewModel.swift in Sources */ = {isa = PBXBuildFile; fileRef = F94B478A282D87C500AE4967 /* FiltersViewModel.swift */; };
		F94B478D282E7A7800AE4967 /* FiltersViewController.swift in Sources */ = {isa = PBXBuildFile; fileRef = F94B478C282E7A7800AE4967 /* FiltersViewController.swift */; };
		F94B478F282E7AAD00AE4967 /* FiltersViewController.storyboard in Resources */ = {isa = PBXBuildFile; fileRef = F94B478E282E7AAD00AE4967 /* FiltersViewController.storyboard */; };
		F94B4791282E7E4800AE4967 /* FilterModeViewModel.swift in Sources */ = {isa = PBXBuildFile; fileRef = F94B4790282E7E4800AE4967 /* FilterModeViewModel.swift */; };
		F94B4797282EA19900AE4967 /* FilterModeViewController.swift in Sources */ = {isa = PBXBuildFile; fileRef = F94B4796282EA19900AE4967 /* FilterModeViewController.swift */; };
		F94B4799282EA1A200AE4967 /* FilterModeViewController.storyboard in Resources */ = {isa = PBXBuildFile; fileRef = F94B4798282EA1A200AE4967 /* FilterModeViewController.storyboard */; };
		F94B479B282EB64C00AE4967 /* FetchCompletionDelegate.swift in Sources */ = {isa = PBXBuildFile; fileRef = F94B479A282EB64C00AE4967 /* FetchCompletionDelegate.swift */; };
		F94B479F282EC6EA00AE4967 /* FilterItemViewModel.swift in Sources */ = {isa = PBXBuildFile; fileRef = F94B479E282EC6EA00AE4967 /* FilterItemViewModel.swift */; };
		F94B47A3282ECCFF00AE4967 /* SourceItemViewModel.swift in Sources */ = {isa = PBXBuildFile; fileRef = F94B47A2282ECCFF00AE4967 /* SourceItemViewModel.swift */; };
		F94B47A7282EE84600AE4967 /* ArticleViewModel.swift in Sources */ = {isa = PBXBuildFile; fileRef = F94B47A6282EE84600AE4967 /* ArticleViewModel.swift */; };
		F94B47AA282FADDB00AE4967 /* Realm in Frameworks */ = {isa = PBXBuildFile; productRef = F94B47A9282FADDB00AE4967 /* Realm */; };
		F94B47AC282FADDB00AE4967 /* RealmSwift in Frameworks */ = {isa = PBXBuildFile; productRef = F94B47AB282FADDB00AE4967 /* RealmSwift */; };
		F94B47AE282FB01300AE4967 /* ArticleObject.swift in Sources */ = {isa = PBXBuildFile; fileRef = F94B47AD282FB01300AE4967 /* ArticleObject.swift */; };
		F94B47B0282FB10600AE4967 /* Persistable.swift in Sources */ = {isa = PBXBuildFile; fileRef = F94B47AF282FB10600AE4967 /* Persistable.swift */; };
		F94B47B3282FB98500AE4967 /* RealmManager.swift in Sources */ = {isa = PBXBuildFile; fileRef = F94B47B2282FB98500AE4967 /* RealmManager.swift */; };
		F94B47B5282FE60C00AE4967 /* FavouritesViewModel.swift in Sources */ = {isa = PBXBuildFile; fileRef = F94B47B4282FE60C00AE4967 /* FavouritesViewModel.swift */; };
		F94B47B7282FFC0D00AE4967 /* ArticleDatabaseDelegate.swift in Sources */ = {isa = PBXBuildFile; fileRef = F94B47B6282FFC0D00AE4967 /* ArticleDatabaseDelegate.swift */; };
		F94B47B9282FFC2E00AE4967 /* FiltersDelegate.swift in Sources */ = {isa = PBXBuildFile; fileRef = F94B47B8282FFC2E00AE4967 /* FiltersDelegate.swift */; };
/* End PBXBuildFile section */

/* Begin PBXFileReference section */
		F94B4722282ACBEE00AE4967 /* NewsFeed.app */ = {isa = PBXFileReference; explicitFileType = wrapper.application; includeInIndex = 0; path = NewsFeed.app; sourceTree = BUILT_PRODUCTS_DIR; };
		F94B4725282ACBEE00AE4967 /* AppDelegate.swift */ = {isa = PBXFileReference; lastKnownFileType = sourcecode.swift; path = AppDelegate.swift; sourceTree = "<group>"; };
		F94B4727282ACBEE00AE4967 /* SceneDelegate.swift */ = {isa = PBXFileReference; lastKnownFileType = sourcecode.swift; path = SceneDelegate.swift; sourceTree = "<group>"; };
		F94B472E282ACBF000AE4967 /* Assets.xcassets */ = {isa = PBXFileReference; lastKnownFileType = folder.assetcatalog; path = Assets.xcassets; sourceTree = "<group>"; };
		F94B4731282ACBF000AE4967 /* Base */ = {isa = PBXFileReference; lastKnownFileType = file.storyboard; name = Base; path = Base.lproj/LaunchScreen.storyboard; sourceTree = "<group>"; };
		F94B4733282ACBF000AE4967 /* Info.plist */ = {isa = PBXFileReference; lastKnownFileType = text.plist.xml; path = Info.plist; sourceTree = "<group>"; };
		F94B4742282AD23300AE4967 /* Coordinator.swift */ = {isa = PBXFileReference; lastKnownFileType = sourcecode.swift; path = Coordinator.swift; sourceTree = "<group>"; };
		F94B4744282AD29700AE4967 /* Storyboarded.swift */ = {isa = PBXFileReference; lastKnownFileType = sourcecode.swift; path = Storyboarded.swift; sourceTree = "<group>"; };
		F94B4746282AD2C400AE4967 /* TabBarCoordinator.swift */ = {isa = PBXFileReference; lastKnownFileType = sourcecode.swift; path = TabBarCoordinator.swift; sourceTree = "<group>"; };
		F94B4748282AD2FC00AE4967 /* FavouritesCoordinator.swift */ = {isa = PBXFileReference; lastKnownFileType = sourcecode.swift; path = FavouritesCoordinator.swift; sourceTree = "<group>"; };
		F94B474A282AD32000AE4967 /* FeedCoordinator.swift */ = {isa = PBXFileReference; lastKnownFileType = sourcecode.swift; path = FeedCoordinator.swift; sourceTree = "<group>"; };
		F94B474F282AD4DA00AE4967 /* TabBarViewController.swift */ = {isa = PBXFileReference; lastKnownFileType = sourcecode.swift; path = TabBarViewController.swift; sourceTree = "<group>"; };
		F94B4751282AD4F300AE4967 /* FeedViewController.swift */ = {isa = PBXFileReference; lastKnownFileType = sourcecode.swift; path = FeedViewController.swift; sourceTree = "<group>"; };
		F94B4753282AD51900AE4967 /* FavouritesViewController.swift */ = {isa = PBXFileReference; lastKnownFileType = sourcecode.swift; path = FavouritesViewController.swift; sourceTree = "<group>"; };
		F94B4755282AD92700AE4967 /* FeedViewController.storyboard */ = {isa = PBXFileReference; lastKnownFileType = file.storyboard; path = FeedViewController.storyboard; sourceTree = "<group>"; };
		F94B4757282AD94E00AE4967 /* FavouritesViewController.storyboard */ = {isa = PBXFileReference; lastKnownFileType = file.storyboard; path = FavouritesViewController.storyboard; sourceTree = "<group>"; };
		F94B4759282ADC6900AE4967 /* Constants.swift */ = {isa = PBXFileReference; lastKnownFileType = sourcecode.swift; path = Constants.swift; sourceTree = "<group>"; };
		F94B475B282AE3F300AE4967 /* Endpoint.swift */ = {isa = PBXFileReference; lastKnownFileType = sourcecode.swift; path = Endpoint.swift; sourceTree = "<group>"; };
		F94B475D282AF01500AE4967 /* Stringable.swift */ = {isa = PBXFileReference; lastKnownFileType = sourcecode.swift; path = Stringable.swift; sourceTree = "<group>"; };
		F94B475F282C1B8900AE4967 /* DataLoader.swift */ = {isa = PBXFileReference; lastKnownFileType = sourcecode.swift; path = DataLoader.swift; sourceTree = "<group>"; };
		F94B4762282C1E0600AE4967 /* Source.swift */ = {isa = PBXFileReference; lastKnownFileType = sourcecode.swift; path = Source.swift; sourceTree = "<group>"; };
		F94B4764282C1E2E00AE4967 /* Article.swift */ = {isa = PBXFileReference; lastKnownFileType = sourcecode.swift; path = Article.swift; sourceTree = "<group>"; };
		F94B4770282C2FA000AE4967 /* FeedViewModel.swift */ = {isa = PBXFileReference; lastKnownFileType = sourcecode.swift; path = FeedViewModel.swift; sourceTree = "<group>"; };
		F94B4772282C321D00AE4967 /* NewsAPIManager.swift */ = {isa = PBXFileReference; lastKnownFileType = sourcecode.swift; path = NewsAPIManager.swift; sourceTree = "<group>"; };
		F94B4776282C376500AE4967 /* ArticleCell.swift */ = {isa = PBXFileReference; lastKnownFileType = sourcecode.swift; path = ArticleCell.swift; sourceTree = "<group>"; };
		F94B4777282C376500AE4967 /* ArticleCell.xib */ = {isa = PBXFileReference; lastKnownFileType = file.xib; path = ArticleCell.xib; sourceTree = "<group>"; };
		F94B477A282CFA5900AE4967 /* ArticleViewController.swift */ = {isa = PBXFileReference; lastKnownFileType = sourcecode.swift; path = ArticleViewController.swift; sourceTree = "<group>"; };
		F94B477C282CFA7B00AE4967 /* ArticleViewController.storyboard */ = {isa = PBXFileReference; lastKnownFileType = file.storyboard; path = ArticleViewController.storyboard; sourceTree = "<group>"; };
		F94B477F282D0B7B00AE4967 /* LoadingCell.swift */ = {isa = PBXFileReference; lastKnownFileType = sourcecode.swift; path = LoadingCell.swift; sourceTree = "<group>"; };
		F94B4780282D0B7B00AE4967 /* LoadingCell.xib */ = {isa = PBXFileReference; lastKnownFileType = file.xib; path = LoadingCell.xib; sourceTree = "<group>"; };
		F94B4786282D7B3600AE4967 /* ImageLoader.swift */ = {isa = PBXFileReference; lastKnownFileType = sourcecode.swift; path = ImageLoader.swift; sourceTree = "<group>"; };
		F94B478A282D87C500AE4967 /* FiltersViewModel.swift */ = {isa = PBXFileReference; lastKnownFileType = sourcecode.swift; path = FiltersViewModel.swift; sourceTree = "<group>"; };
		F94B478C282E7A7800AE4967 /* FiltersViewController.swift */ = {isa = PBXFileReference; lastKnownFileType = sourcecode.swift; path = FiltersViewController.swift; sourceTree = "<group>"; };
		F94B478E282E7AAD00AE4967 /* FiltersViewController.storyboard */ = {isa = PBXFileReference; lastKnownFileType = file.storyboard; path = FiltersViewController.storyboard; sourceTree = "<group>"; };
		F94B4790282E7E4800AE4967 /* FilterModeViewModel.swift */ = {isa = PBXFileReference; lastKnownFileType = sourcecode.swift; path = FilterModeViewModel.swift; sourceTree = "<group>"; };
		F94B4796282EA19900AE4967 /* FilterModeViewController.swift */ = {isa = PBXFileReference; lastKnownFileType = sourcecode.swift; path = FilterModeViewController.swift; sourceTree = "<group>"; };
		F94B4798282EA1A200AE4967 /* FilterModeViewController.storyboard */ = {isa = PBXFileReference; lastKnownFileType = file.storyboard; path = FilterModeViewController.storyboard; sourceTree = "<group>"; };
		F94B479A282EB64C00AE4967 /* FetchCompletionDelegate.swift */ = {isa = PBXFileReference; lastKnownFileType = sourcecode.swift; path = FetchCompletionDelegate.swift; sourceTree = "<group>"; };
		F94B479E282EC6EA00AE4967 /* FilterItemViewModel.swift */ = {isa = PBXFileReference; lastKnownFileType = sourcecode.swift; path = FilterItemViewModel.swift; sourceTree = "<group>"; };
		F94B47A2282ECCFF00AE4967 /* SourceItemViewModel.swift */ = {isa = PBXFileReference; lastKnownFileType = sourcecode.swift; path = SourceItemViewModel.swift; sourceTree = "<group>"; };
		F94B47A6282EE84600AE4967 /* ArticleViewModel.swift */ = {isa = PBXFileReference; lastKnownFileType = sourcecode.swift; path = ArticleViewModel.swift; sourceTree = "<group>"; };
		F94B47AD282FB01300AE4967 /* ArticleObject.swift */ = {isa = PBXFileReference; lastKnownFileType = sourcecode.swift; path = ArticleObject.swift; sourceTree = "<group>"; };
		F94B47AF282FB10600AE4967 /* Persistable.swift */ = {isa = PBXFileReference; lastKnownFileType = sourcecode.swift; path = Persistable.swift; sourceTree = "<group>"; };
		F94B47B2282FB98500AE4967 /* RealmManager.swift */ = {isa = PBXFileReference; lastKnownFileType = sourcecode.swift; path = RealmManager.swift; sourceTree = "<group>"; };
		F94B47B4282FE60C00AE4967 /* FavouritesViewModel.swift */ = {isa = PBXFileReference; lastKnownFileType = sourcecode.swift; path = FavouritesViewModel.swift; sourceTree = "<group>"; };
		F94B47B6282FFC0D00AE4967 /* ArticleDatabaseDelegate.swift */ = {isa = PBXFileReference; lastKnownFileType = sourcecode.swift; path = ArticleDatabaseDelegate.swift; sourceTree = "<group>"; };
		F94B47B8282FFC2E00AE4967 /* FiltersDelegate.swift */ = {isa = PBXFileReference; lastKnownFileType = sourcecode.swift; path = FiltersDelegate.swift; sourceTree = "<group>"; };
/* End PBXFileReference section */

/* Begin PBXFrameworksBuildPhase section */
		F94B471F282ACBEE00AE4967 /* Frameworks */ = {
			isa = PBXFrameworksBuildPhase;
			buildActionMask = 2147483647;
			files = (
				F94B47AC282FADDB00AE4967 /* RealmSwift in Frameworks */,
				F94B47AA282FADDB00AE4967 /* Realm in Frameworks */,
			);
			runOnlyForDeploymentPostprocessing = 0;
		};
/* End PBXFrameworksBuildPhase section */

/* Begin PBXGroup section */
		F94B4719282ACBEE00AE4967 = {
			isa = PBXGroup;
			children = (
				F94B4724282ACBEE00AE4967 /* NewsFeed */,
				F94B4723282ACBEE00AE4967 /* Products */,
			);
			sourceTree = "<group>";
		};
		F94B4723282ACBEE00AE4967 /* Products */ = {
			isa = PBXGroup;
			children = (
				F94B4722282ACBEE00AE4967 /* NewsFeed.app */,
			);
			name = Products;
			sourceTree = "<group>";
		};
		F94B4724282ACBEE00AE4967 /* NewsFeed */ = {
			isa = PBXGroup;
			children = (
				F94B47B1282FB96F00AE4967 /* Database */,
				F94B473B282AD11900AE4967 /* Protocols */,
				F94B473A282AD10500AE4967 /* Network */,
				F94B4739282AD0F200AE4967 /* Presentation */,
				F94B4761282C1DF100AE4967 /* Models */,
				F94B4725282ACBEE00AE4967 /* AppDelegate.swift */,
				F94B4727282ACBEE00AE4967 /* SceneDelegate.swift */,
				F94B472E282ACBF000AE4967 /* Assets.xcassets */,
				F94B4730282ACBF000AE4967 /* LaunchScreen.storyboard */,
				F94B4733282ACBF000AE4967 /* Info.plist */,
			);
			path = NewsFeed;
			sourceTree = "<group>";
		};
		F94B4739282AD0F200AE4967 /* Presentation */ = {
			isa = PBXGroup;
			children = (
				F94B474D282AD41100AE4967 /* TabBar */,
				F94B474C282AD40300AE4967 /* Feed */,
				F94B474E282AD41900AE4967 /* Favourites */,
			);
			path = Presentation;
			sourceTree = "<group>";
		};
		F94B473A282AD10500AE4967 /* Network */ = {
			isa = PBXGroup;
			children = (
				F94B4759282ADC6900AE4967 /* Constants.swift */,
				F94B475B282AE3F300AE4967 /* Endpoint.swift */,
				F94B475F282C1B8900AE4967 /* DataLoader.swift */,
				F94B4772282C321D00AE4967 /* NewsAPIManager.swift */,
				F94B4786282D7B3600AE4967 /* ImageLoader.swift */,
			);
			path = Network;
			sourceTree = "<group>";
		};
		F94B473B282AD11900AE4967 /* Protocols */ = {
			isa = PBXGroup;
			children = (
				F94B4742282AD23300AE4967 /* Coordinator.swift */,
				F94B4744282AD29700AE4967 /* Storyboarded.swift */,
				F94B475D282AF01500AE4967 /* Stringable.swift */,
				F94B47AF282FB10600AE4967 /* Persistable.swift */,
				F94B479A282EB64C00AE4967 /* FetchCompletionDelegate.swift */,
				F94B47B6282FFC0D00AE4967 /* ArticleDatabaseDelegate.swift */,
				F94B47B8282FFC2E00AE4967 /* FiltersDelegate.swift */,
			);
			path = Protocols;
			sourceTree = "<group>";
		};
		F94B474C282AD40300AE4967 /* Feed */ = {
			isa = PBXGroup;
			children = (
				F94B476A282C2EFF00AE4967 /* Coordinator */,
				F94B4769282C2ED800AE4967 /* Storyboards */,
				F94B4768282C2ECC00AE4967 /* ViewControllers */,
				F94B4774282C372B00AE4967 /* Views */,
				F94B476E282C2F5600AE4967 /* ViewModels */,
			);
			path = Feed;
			sourceTree = "<group>";
		};
		F94B474D282AD41100AE4967 /* TabBar */ = {
			isa = PBXGroup;
			children = (
				F94B4766282C2EA200AE4967 /* Coordinator */,
				F94B4767282C2EAF00AE4967 /* ViewControllers */,
			);
			path = TabBar;
			sourceTree = "<group>";
		};
		F94B474E282AD41900AE4967 /* Favourites */ = {
			isa = PBXGroup;
			children = (
				F94B476B282C2F1E00AE4967 /* Coordinator */,
				F94B476D282C2F3600AE4967 /* Storyboards */,
				F94B476C282C2F2700AE4967 /* ViewControllers */,
				F94B476F282C2F6E00AE4967 /* ViewModels */,
			);
			path = Favourites;
			sourceTree = "<group>";
		};
		F94B4761282C1DF100AE4967 /* Models */ = {
			isa = PBXGroup;
			children = (
				F94B4762282C1E0600AE4967 /* Source.swift */,
				F94B4764282C1E2E00AE4967 /* Article.swift */,
			);
			path = Models;
			sourceTree = "<group>";
		};
		F94B4766282C2EA200AE4967 /* Coordinator */ = {
			isa = PBXGroup;
			children = (
				F94B4746282AD2C400AE4967 /* TabBarCoordinator.swift */,
			);
			path = Coordinator;
			sourceTree = "<group>";
		};
		F94B4767282C2EAF00AE4967 /* ViewControllers */ = {
			isa = PBXGroup;
			children = (
				F94B474F282AD4DA00AE4967 /* TabBarViewController.swift */,
			);
			path = ViewControllers;
			sourceTree = "<group>";
		};
		F94B4768282C2ECC00AE4967 /* ViewControllers */ = {
			isa = PBXGroup;
			children = (
				F94B4751282AD4F300AE4967 /* FeedViewController.swift */,
				F94B477A282CFA5900AE4967 /* ArticleViewController.swift */,
				F94B47A4282EE6BE00AE4967 /* Filters */,
			);
			path = ViewControllers;
			sourceTree = "<group>";
		};
		F94B4769282C2ED800AE4967 /* Storyboards */ = {
			isa = PBXGroup;
			children = (
				F94B4755282AD92700AE4967 /* FeedViewController.storyboard */,
				F94B477C282CFA7B00AE4967 /* ArticleViewController.storyboard */,
				F94B47A5282EE6D500AE4967 /* Filters */,
			);
			path = Storyboards;
			sourceTree = "<group>";
		};
		F94B476A282C2EFF00AE4967 /* Coordinator */ = {
			isa = PBXGroup;
			children = (
				F94B474A282AD32000AE4967 /* FeedCoordinator.swift */,
			);
			path = Coordinator;
			sourceTree = "<group>";
		};
		F94B476B282C2F1E00AE4967 /* Coordinator */ = {
			isa = PBXGroup;
			children = (
				F94B4748282AD2FC00AE4967 /* FavouritesCoordinator.swift */,
			);
			path = Coordinator;
			sourceTree = "<group>";
		};
		F94B476C282C2F2700AE4967 /* ViewControllers */ = {
			isa = PBXGroup;
			children = (
				F94B4753282AD51900AE4967 /* FavouritesViewController.swift */,
			);
			path = ViewControllers;
			sourceTree = "<group>";
		};
		F94B476D282C2F3600AE4967 /* Storyboards */ = {
			isa = PBXGroup;
			children = (
				F94B4757282AD94E00AE4967 /* FavouritesViewController.storyboard */,
			);
			path = Storyboards;
			sourceTree = "<group>";
		};
		F94B476E282C2F5600AE4967 /* ViewModels */ = {
			isa = PBXGroup;
			children = (
				F94B4770282C2FA000AE4967 /* FeedViewModel.swift */,
				F94B47A6282EE84600AE4967 /* ArticleViewModel.swift */,
				F94B479C282EC6B900AE4967 /* Filters */,
			);
			path = ViewModels;
			sourceTree = "<group>";
		};
		F94B476F282C2F6E00AE4967 /* ViewModels */ = {
			isa = PBXGroup;
			children = (
				F94B47B4282FE60C00AE4967 /* FavouritesViewModel.swift */,
			);
			path = ViewModels;
			sourceTree = "<group>";
		};
		F94B4774282C372B00AE4967 /* Views */ = {
			isa = PBXGroup;
			children = (
				F94B477E282D0B5B00AE4967 /* LoadingCell */,
				F94B4775282C373900AE4967 /* ArticleCell */,
			);
			path = Views;
			sourceTree = "<group>";
		};
		F94B4775282C373900AE4967 /* ArticleCell */ = {
			isa = PBXGroup;
			children = (
				F94B4776282C376500AE4967 /* ArticleCell.swift */,
				F94B4777282C376500AE4967 /* ArticleCell.xib */,
			);
			path = ArticleCell;
			sourceTree = "<group>";
		};
		F94B477E282D0B5B00AE4967 /* LoadingCell */ = {
			isa = PBXGroup;
			children = (
				F94B477F282D0B7B00AE4967 /* LoadingCell.swift */,
				F94B4780282D0B7B00AE4967 /* LoadingCell.xib */,
			);
			path = LoadingCell;
			sourceTree = "<group>";
		};
		F94B479C282EC6B900AE4967 /* Filters */ = {
			isa = PBXGroup;
			children = (
				F94B478A282D87C500AE4967 /* FiltersViewModel.swift */,
				F94B4790282E7E4800AE4967 /* FilterModeViewModel.swift */,
				F94B479D282EC6CD00AE4967 /* FilterItems */,
			);
			path = Filters;
			sourceTree = "<group>";
		};
		F94B479D282EC6CD00AE4967 /* FilterItems */ = {
			isa = PBXGroup;
			children = (
				F94B479E282EC6EA00AE4967 /* FilterItemViewModel.swift */,
				F94B47A2282ECCFF00AE4967 /* SourceItemViewModel.swift */,
			);
			path = FilterItems;
			sourceTree = "<group>";
		};
		F94B47A4282EE6BE00AE4967 /* Filters */ = {
			isa = PBXGroup;
			children = (
				F94B478C282E7A7800AE4967 /* FiltersViewController.swift */,
				F94B4796282EA19900AE4967 /* FilterModeViewController.swift */,
			);
			path = Filters;
			sourceTree = "<group>";
		};
		F94B47A5282EE6D500AE4967 /* Filters */ = {
			isa = PBXGroup;
			children = (
				F94B478E282E7AAD00AE4967 /* FiltersViewController.storyboard */,
				F94B4798282EA1A200AE4967 /* FilterModeViewController.storyboard */,
			);
			path = Filters;
			sourceTree = "<group>";
		};
		F94B47B1282FB96F00AE4967 /* Database */ = {
			isa = PBXGroup;
			children = (
				F94B47B2282FB98500AE4967 /* RealmManager.swift */,
				F94B47AD282FB01300AE4967 /* ArticleObject.swift */,
			);
			path = Database;
			sourceTree = "<group>";
		};
/* End PBXGroup section */

/* Begin PBXNativeTarget section */
		F94B4721282ACBEE00AE4967 /* NewsFeed */ = {
			isa = PBXNativeTarget;
			buildConfigurationList = F94B4736282ACBF000AE4967 /* Build configuration list for PBXNativeTarget "NewsFeed" */;
			buildPhases = (
				F94B471E282ACBEE00AE4967 /* Sources */,
				F94B471F282ACBEE00AE4967 /* Frameworks */,
				F94B4720282ACBEE00AE4967 /* Resources */,
			);
			buildRules = (
			);
			dependencies = (
			);
			name = NewsFeed;
			packageProductDependencies = (
				F94B47A9282FADDB00AE4967 /* Realm */,
				F94B47AB282FADDB00AE4967 /* RealmSwift */,
			);
			productName = NewsFeed;
			productReference = F94B4722282ACBEE00AE4967 /* NewsFeed.app */;
			productType = "com.apple.product-type.application";
		};
/* End PBXNativeTarget section */

/* Begin PBXProject section */
		F94B471A282ACBEE00AE4967 /* Project object */ = {
			isa = PBXProject;
			attributes = {
				BuildIndependentTargetsInParallel = 1;
				LastSwiftUpdateCheck = 1330;
				LastUpgradeCheck = 1330;
				TargetAttributes = {
					F94B4721282ACBEE00AE4967 = {
						CreatedOnToolsVersion = 13.3.1;
					};
				};
			};
			buildConfigurationList = F94B471D282ACBEE00AE4967 /* Build configuration list for PBXProject "NewsFeed" */;
			compatibilityVersion = "Xcode 13.0";
			developmentRegion = en;
			hasScannedForEncodings = 0;
			knownRegions = (
				en,
				Base,
			);
			mainGroup = F94B4719282ACBEE00AE4967;
			packageReferences = (
				F94B47A8282FADDB00AE4967 /* XCRemoteSwiftPackageReference "realm-swift" */,
			);
			productRefGroup = F94B4723282ACBEE00AE4967 /* Products */;
			projectDirPath = "";
			projectRoot = "";
			targets = (
				F94B4721282ACBEE00AE4967 /* NewsFeed */,
			);
		};
/* End PBXProject section */

/* Begin PBXResourcesBuildPhase section */
		F94B4720282ACBEE00AE4967 /* Resources */ = {
			isa = PBXResourcesBuildPhase;
			buildActionMask = 2147483647;
			files = (
				F94B4782282D0B7B00AE4967 /* LoadingCell.xib in Resources */,
				F94B4799282EA1A200AE4967 /* FilterModeViewController.storyboard in Resources */,
				F94B477D282CFA7B00AE4967 /* ArticleViewController.storyboard in Resources */,
				F94B4756282AD92700AE4967 /* FeedViewController.storyboard in Resources */,
				F94B4758282AD94E00AE4967 /* FavouritesViewController.storyboard in Resources */,
				F94B4732282ACBF000AE4967 /* LaunchScreen.storyboard in Resources */,
				F94B4779282C376500AE4967 /* ArticleCell.xib in Resources */,
				F94B478F282E7AAD00AE4967 /* FiltersViewController.storyboard in Resources */,
				F94B472F282ACBF000AE4967 /* Assets.xcassets in Resources */,
			);
			runOnlyForDeploymentPostprocessing = 0;
		};
/* End PBXResourcesBuildPhase section */

/* Begin PBXSourcesBuildPhase section */
		F94B471E282ACBEE00AE4967 /* Sources */ = {
			isa = PBXSourcesBuildPhase;
			buildActionMask = 2147483647;
			files = (
				F94B47B9282FFC2E00AE4967 /* FiltersDelegate.swift in Sources */,
				F94B479F282EC6EA00AE4967 /* FilterItemViewModel.swift in Sources */,
				F94B4750282AD4DA00AE4967 /* TabBarViewController.swift in Sources */,
				F94B47B3282FB98500AE4967 /* RealmManager.swift in Sources */,
				F94B4771282C2FA000AE4967 /* FeedViewModel.swift in Sources */,
				F94B47A7282EE84600AE4967 /* ArticleViewModel.swift in Sources */,
				F94B4791282E7E4800AE4967 /* FilterModeViewModel.swift in Sources */,
				F94B475A282ADC6900AE4967 /* Constants.swift in Sources */,
				F94B4773282C321D00AE4967 /* NewsAPIManager.swift in Sources */,
				F94B4760282C1B8900AE4967 /* DataLoader.swift in Sources */,
				F94B4752282AD4F300AE4967 /* FeedViewController.swift in Sources */,
				F94B478B282D87C500AE4967 /* FiltersViewModel.swift in Sources */,
				F94B47B0282FB10600AE4967 /* Persistable.swift in Sources */,
				F94B475E282AF01500AE4967 /* Stringable.swift in Sources */,
				F94B4726282ACBEE00AE4967 /* AppDelegate.swift in Sources */,
				F94B4728282ACBEE00AE4967 /* SceneDelegate.swift in Sources */,
				F94B4749282AD2FD00AE4967 /* FavouritesCoordinator.swift in Sources */,
				F94B47A3282ECCFF00AE4967 /* SourceItemViewModel.swift in Sources */,
				F94B4763282C1E0600AE4967 /* Source.swift in Sources */,
				F94B474B282AD32000AE4967 /* FeedCoordinator.swift in Sources */,
				F94B4743282AD23300AE4967 /* Coordinator.swift in Sources */,
				F94B4747282AD2C400AE4967 /* TabBarCoordinator.swift in Sources */,
				F94B4765282C1E2E00AE4967 /* Article.swift in Sources */,
				F94B4787282D7B3600AE4967 /* ImageLoader.swift in Sources */,
				F94B4754282AD51900AE4967 /* FavouritesViewController.swift in Sources */,
				F94B4797282EA19900AE4967 /* FilterModeViewController.swift in Sources */,
				F94B4778282C376500AE4967 /* ArticleCell.swift in Sources */,
				F94B47B5282FE60C00AE4967 /* FavouritesViewModel.swift in Sources */,
				F94B47B7282FFC0D00AE4967 /* ArticleDatabaseDelegate.swift in Sources */,
				F94B477B282CFA5900AE4967 /* ArticleViewController.swift in Sources */,
				F94B4781282D0B7B00AE4967 /* LoadingCell.swift in Sources */,
				F94B47AE282FB01300AE4967 /* ArticleObject.swift in Sources */,
				F94B475C282AE3F300AE4967 /* Endpoint.swift in Sources */,
				F94B479B282EB64C00AE4967 /* FetchCompletionDelegate.swift in Sources */,
				F94B478D282E7A7800AE4967 /* FiltersViewController.swift in Sources */,
				F94B4745282AD29700AE4967 /* Storyboarded.swift in Sources */,
			);
			runOnlyForDeploymentPostprocessing = 0;
		};
/* End PBXSourcesBuildPhase section */

/* Begin PBXVariantGroup section */
		F94B4730282ACBF000AE4967 /* LaunchScreen.storyboard */ = {
			isa = PBXVariantGroup;
			children = (
				F94B4731282ACBF000AE4967 /* Base */,
			);
			name = LaunchScreen.storyboard;
			sourceTree = "<group>";
		};
/* End PBXVariantGroup section */

/* Begin XCBuildConfiguration section */
		F94B4734282ACBF000AE4967 /* Debug */ = {
			isa = XCBuildConfiguration;
			buildSettings = {
				ALWAYS_SEARCH_USER_PATHS = NO;
				CLANG_ANALYZER_NONNULL = YES;
				CLANG_ANALYZER_NUMBER_OBJECT_CONVERSION = YES_AGGRESSIVE;
				CLANG_CXX_LANGUAGE_STANDARD = "gnu++17";
				CLANG_ENABLE_MODULES = YES;
				CLANG_ENABLE_OBJC_ARC = YES;
				CLANG_ENABLE_OBJC_WEAK = YES;
				CLANG_WARN_BLOCK_CAPTURE_AUTORELEASING = YES;
				CLANG_WARN_BOOL_CONVERSION = YES;
				CLANG_WARN_COMMA = YES;
				CLANG_WARN_CONSTANT_CONVERSION = YES;
				CLANG_WARN_DEPRECATED_OBJC_IMPLEMENTATIONS = YES;
				CLANG_WARN_DIRECT_OBJC_ISA_USAGE = YES_ERROR;
				CLANG_WARN_DOCUMENTATION_COMMENTS = YES;
				CLANG_WARN_EMPTY_BODY = YES;
				CLANG_WARN_ENUM_CONVERSION = YES;
				CLANG_WARN_INFINITE_RECURSION = YES;
				CLANG_WARN_INT_CONVERSION = YES;
				CLANG_WARN_NON_LITERAL_NULL_CONVERSION = YES;
				CLANG_WARN_OBJC_IMPLICIT_RETAIN_SELF = YES;
				CLANG_WARN_OBJC_LITERAL_CONVERSION = YES;
				CLANG_WARN_OBJC_ROOT_CLASS = YES_ERROR;
				CLANG_WARN_QUOTED_INCLUDE_IN_FRAMEWORK_HEADER = YES;
				CLANG_WARN_RANGE_LOOP_ANALYSIS = YES;
				CLANG_WARN_STRICT_PROTOTYPES = YES;
				CLANG_WARN_SUSPICIOUS_MOVE = YES;
				CLANG_WARN_UNGUARDED_AVAILABILITY = YES_AGGRESSIVE;
				CLANG_WARN_UNREACHABLE_CODE = YES;
				CLANG_WARN__DUPLICATE_METHOD_MATCH = YES;
				COPY_PHASE_STRIP = NO;
				DEBUG_INFORMATION_FORMAT = dwarf;
				ENABLE_STRICT_OBJC_MSGSEND = YES;
				ENABLE_TESTABILITY = YES;
				GCC_C_LANGUAGE_STANDARD = gnu11;
				GCC_DYNAMIC_NO_PIC = NO;
				GCC_NO_COMMON_BLOCKS = YES;
				GCC_OPTIMIZATION_LEVEL = 0;
				GCC_PREPROCESSOR_DEFINITIONS = (
					"DEBUG=1",
					"$(inherited)",
				);
				GCC_WARN_64_TO_32_BIT_CONVERSION = YES;
				GCC_WARN_ABOUT_RETURN_TYPE = YES_ERROR;
				GCC_WARN_UNDECLARED_SELECTOR = YES;
				GCC_WARN_UNINITIALIZED_AUTOS = YES_AGGRESSIVE;
				GCC_WARN_UNUSED_FUNCTION = YES;
				GCC_WARN_UNUSED_VARIABLE = YES;
				IPHONEOS_DEPLOYMENT_TARGET = 15.4;
				MTL_ENABLE_DEBUG_INFO = INCLUDE_SOURCE;
				MTL_FAST_MATH = YES;
				ONLY_ACTIVE_ARCH = YES;
				SDKROOT = iphoneos;
				SWIFT_ACTIVE_COMPILATION_CONDITIONS = DEBUG;
				SWIFT_OPTIMIZATION_LEVEL = "-Onone";
			};
			name = Debug;
		};
		F94B4735282ACBF000AE4967 /* Release */ = {
			isa = XCBuildConfiguration;
			buildSettings = {
				ALWAYS_SEARCH_USER_PATHS = NO;
				CLANG_ANALYZER_NONNULL = YES;
				CLANG_ANALYZER_NUMBER_OBJECT_CONVERSION = YES_AGGRESSIVE;
				CLANG_CXX_LANGUAGE_STANDARD = "gnu++17";
				CLANG_ENABLE_MODULES = YES;
				CLANG_ENABLE_OBJC_ARC = YES;
				CLANG_ENABLE_OBJC_WEAK = YES;
				CLANG_WARN_BLOCK_CAPTURE_AUTORELEASING = YES;
				CLANG_WARN_BOOL_CONVERSION = YES;
				CLANG_WARN_COMMA = YES;
				CLANG_WARN_CONSTANT_CONVERSION = YES;
				CLANG_WARN_DEPRECATED_OBJC_IMPLEMENTATIONS = YES;
				CLANG_WARN_DIRECT_OBJC_ISA_USAGE = YES_ERROR;
				CLANG_WARN_DOCUMENTATION_COMMENTS = YES;
				CLANG_WARN_EMPTY_BODY = YES;
				CLANG_WARN_ENUM_CONVERSION = YES;
				CLANG_WARN_INFINITE_RECURSION = YES;
				CLANG_WARN_INT_CONVERSION = YES;
				CLANG_WARN_NON_LITERAL_NULL_CONVERSION = YES;
				CLANG_WARN_OBJC_IMPLICIT_RETAIN_SELF = YES;
				CLANG_WARN_OBJC_LITERAL_CONVERSION = YES;
				CLANG_WARN_OBJC_ROOT_CLASS = YES_ERROR;
				CLANG_WARN_QUOTED_INCLUDE_IN_FRAMEWORK_HEADER = YES;
				CLANG_WARN_RANGE_LOOP_ANALYSIS = YES;
				CLANG_WARN_STRICT_PROTOTYPES = YES;
				CLANG_WARN_SUSPICIOUS_MOVE = YES;
				CLANG_WARN_UNGUARDED_AVAILABILITY = YES_AGGRESSIVE;
				CLANG_WARN_UNREACHABLE_CODE = YES;
				CLANG_WARN__DUPLICATE_METHOD_MATCH = YES;
				COPY_PHASE_STRIP = NO;
				DEBUG_INFORMATION_FORMAT = "dwarf-with-dsym";
				ENABLE_NS_ASSERTIONS = NO;
				ENABLE_STRICT_OBJC_MSGSEND = YES;
				GCC_C_LANGUAGE_STANDARD = gnu11;
				GCC_NO_COMMON_BLOCKS = YES;
				GCC_WARN_64_TO_32_BIT_CONVERSION = YES;
				GCC_WARN_ABOUT_RETURN_TYPE = YES_ERROR;
				GCC_WARN_UNDECLARED_SELECTOR = YES;
				GCC_WARN_UNINITIALIZED_AUTOS = YES_AGGRESSIVE;
				GCC_WARN_UNUSED_FUNCTION = YES;
				GCC_WARN_UNUSED_VARIABLE = YES;
				IPHONEOS_DEPLOYMENT_TARGET = 15.4;
				MTL_ENABLE_DEBUG_INFO = NO;
				MTL_FAST_MATH = YES;
				SDKROOT = iphoneos;
				SWIFT_COMPILATION_MODE = wholemodule;
				SWIFT_OPTIMIZATION_LEVEL = "-O";
				VALIDATE_PRODUCT = YES;
			};
			name = Release;
		};
		F94B4737282ACBF000AE4967 /* Debug */ = {
			isa = XCBuildConfiguration;
			buildSettings = {
				ASSETCATALOG_COMPILER_APPICON_NAME = AppIcon;
				ASSETCATALOG_COMPILER_GLOBAL_ACCENT_COLOR_NAME = AccentColor;
				CODE_SIGN_STYLE = Automatic;
				CURRENT_PROJECT_VERSION = 1;
				DEVELOPMENT_TEAM = 6F228H4277;
				GENERATE_INFOPLIST_FILE = YES;
				INFOPLIST_FILE = NewsFeed/Info.plist;
				INFOPLIST_KEY_UIApplicationSupportsIndirectInputEvents = YES;
				INFOPLIST_KEY_UILaunchStoryboardName = LaunchScreen;
				INFOPLIST_KEY_UISupportedInterfaceOrientations = UIInterfaceOrientationPortrait;
				INFOPLIST_KEY_UISupportedInterfaceOrientations_iPad = "UIInterfaceOrientationPortrait UIInterfaceOrientationPortraitUpsideDown UIInterfaceOrientationLandscapeLeft UIInterfaceOrientationLandscapeRight";
				INFOPLIST_KEY_UISupportedInterfaceOrientations_iPhone = "UIInterfaceOrientationPortrait UIInterfaceOrientationLandscapeLeft UIInterfaceOrientationLandscapeRight";
				IPHONEOS_DEPLOYMENT_TARGET = 14.5;
				LD_RUNPATH_SEARCH_PATHS = (
					"$(inherited)",
					"@executable_path/Frameworks",
				);
				MARKETING_VERSION = 1.0;
				PRODUCT_BUNDLE_IDENTIFIER = com.shkliaruk.NewsFeed;
				PRODUCT_NAME = "$(TARGET_NAME)";
				SWIFT_EMIT_LOC_STRINGS = YES;
				SWIFT_VERSION = 5.0;
				TARGETED_DEVICE_FAMILY = 1;
			};
			name = Debug;
		};
		F94B4738282ACBF000AE4967 /* Release */ = {
			isa = XCBuildConfiguration;
			buildSettings = {
				ASSETCATALOG_COMPILER_APPICON_NAME = AppIcon;
				ASSETCATALOG_COMPILER_GLOBAL_ACCENT_COLOR_NAME = AccentColor;
				CODE_SIGN_STYLE = Automatic;
				CURRENT_PROJECT_VERSION = 1;
				DEVELOPMENT_TEAM = 6F228H4277;
				GENERATE_INFOPLIST_FILE = YES;
				INFOPLIST_FILE = NewsFeed/Info.plist;
				INFOPLIST_KEY_UIApplicationSupportsIndirectInputEvents = YES;
				INFOPLIST_KEY_UILaunchStoryboardName = LaunchScreen;
				INFOPLIST_KEY_UISupportedInterfaceOrientations = UIInterfaceOrientationPortrait;
				INFOPLIST_KEY_UISupportedInterfaceOrientations_iPad = "UIInterfaceOrientationPortrait UIInterfaceOrientationPortraitUpsideDown UIInterfaceOrientationLandscapeLeft UIInterfaceOrientationLandscapeRight";
				INFOPLIST_KEY_UISupportedInterfaceOrientations_iPhone = "UIInterfaceOrientationPortrait UIInterfaceOrientationLandscapeLeft UIInterfaceOrientationLandscapeRight";
				IPHONEOS_DEPLOYMENT_TARGET = 14.5;
				LD_RUNPATH_SEARCH_PATHS = (
					"$(inherited)",
					"@executable_path/Frameworks",
				);
				MARKETING_VERSION = 1.0;
				PRODUCT_BUNDLE_IDENTIFIER = com.shkliaruk.NewsFeed;
				PRODUCT_NAME = "$(TARGET_NAME)";
				SWIFT_EMIT_LOC_STRINGS = YES;
				SWIFT_VERSION = 5.0;
				TARGETED_DEVICE_FAMILY = 1;
			};
			name = Release;
		};
/* End XCBuildConfiguration section */

/* Begin XCConfigurationList section */
		F94B471D282ACBEE00AE4967 /* Build configuration list for PBXProject "NewsFeed" */ = {
			isa = XCConfigurationList;
			buildConfigurations = (
				F94B4734282ACBF000AE4967 /* Debug */,
				F94B4735282ACBF000AE4967 /* Release */,
			);
			defaultConfigurationIsVisible = 0;
			defaultConfigurationName = Release;
		};
		F94B4736282ACBF000AE4967 /* Build configuration list for PBXNativeTarget "NewsFeed" */ = {
			isa = XCConfigurationList;
			buildConfigurations = (
				F94B4737282ACBF000AE4967 /* Debug */,
				F94B4738282ACBF000AE4967 /* Release */,
			);
			defaultConfigurationIsVisible = 0;
			defaultConfigurationName = Release;
		};
/* End XCConfigurationList section */

/* Begin XCRemoteSwiftPackageReference section */
		F94B47A8282FADDB00AE4967 /* XCRemoteSwiftPackageReference "realm-swift" */ = {
			isa = XCRemoteSwiftPackageReference;
			repositoryURL = "https://github.com/realm/realm-swift";
			requirement = {
				branch = master;
				kind = branch;
			};
		};
/* End XCRemoteSwiftPackageReference section */

/* Begin XCSwiftPackageProductDependency section */
		F94B47A9282FADDB00AE4967 /* Realm */ = {
			isa = XCSwiftPackageProductDependency;
			package = F94B47A8282FADDB00AE4967 /* XCRemoteSwiftPackageReference "realm-swift" */;
			productName = Realm;
		};
		F94B47AB282FADDB00AE4967 /* RealmSwift */ = {
			isa = XCSwiftPackageProductDependency;
			package = F94B47A8282FADDB00AE4967 /* XCRemoteSwiftPackageReference "realm-swift" */;
			productName = RealmSwift;
		};
/* End XCSwiftPackageProductDependency section */
	};
	rootObject = F94B471A282ACBEE00AE4967 /* Project object */;
}
